// !$*UTF8*$!
{
	archiveVersion = 1;
	classes = {
	};
	objectVersion = 46;
	objects = {

/* Begin PBXBuildFile section */
		9772552667A29C811896E8FB /* Pods_MoonKara.framework in Frameworks */ = {isa = PBXBuildFile; fileRef = 9D4576EB2930FF4FF478ACC4 /* Pods_MoonKara.framework */; };
		EB15E0941ECB0A2B0032F2E9 /* MoonSongCell.swift in Sources */ = {isa = PBXBuildFile; fileRef = EB15E0921ECB0A2B0032F2E9 /* MoonSongCell.swift */; };
		EB15E0951ECB0A2B0032F2E9 /* MoonSongCell.xib in Resources */ = {isa = PBXBuildFile; fileRef = EB15E0931ECB0A2B0032F2E9 /* MoonSongCell.xib */; };
		EB15E0981ECB75200032F2E9 /* MoonTabBarVC.swift in Sources */ = {isa = PBXBuildFile; fileRef = EB15E0961ECB75200032F2E9 /* MoonTabBarVC.swift */; };
		EB15E0991ECB75200032F2E9 /* MoonTabBarVC.xib in Resources */ = {isa = PBXBuildFile; fileRef = EB15E0971ECB75200032F2E9 /* MoonTabBarVC.xib */; };
		EB63C36D1EBCF86800FC39D3 /* MoonHomeVC.swift in Sources */ = {isa = PBXBuildFile; fileRef = EB63C36B1EBCF86800FC39D3 /* MoonHomeVC.swift */; };
		EB63C36E1EBCF86800FC39D3 /* MoonHomeVC.xib in Resources */ = {isa = PBXBuildFile; fileRef = EB63C36C1EBCF86800FC39D3 /* MoonHomeVC.xib */; };
		EB63C3701EBCF92C00FC39D3 /* MoonAPI.swift in Sources */ = {isa = PBXBuildFile; fileRef = EB63C36F1EBCF92C00FC39D3 /* MoonAPI.swift */; };
		EBBB7B921ECC467400CFD580 /* MoonPlayer.swift in Sources */ = {isa = PBXBuildFile; fileRef = EBBB7B911ECC467400CFD580 /* MoonPlayer.swift */; };
		EBBB7B941ECC468D00CFD580 /* MoonPlayer.xib in Resources */ = {isa = PBXBuildFile; fileRef = EBBB7B931ECC468D00CFD580 /* MoonPlayer.xib */; };
		EBBB7B961ECC48F300CFD580 /* MoonDefine.swift in Sources */ = {isa = PBXBuildFile; fileRef = EBBB7B951ECC48F300CFD580 /* MoonDefine.swift */; };
		EBCE54321EBCE21E00159052 /* AppDelegate.swift in Sources */ = {isa = PBXBuildFile; fileRef = EBCE54311EBCE21E00159052 /* AppDelegate.swift */; };
		EBCE54391EBCE21E00159052 /* Assets.xcassets in Resources */ = {isa = PBXBuildFile; fileRef = EBCE54381EBCE21E00159052 /* Assets.xcassets */; };
		EBCE543C1EBCE21E00159052 /* LaunchScreen.storyboard in Resources */ = {isa = PBXBuildFile; fileRef = EBCE543A1EBCE21E00159052 /* LaunchScreen.storyboard */; };
		EBF6A4171ECCC725000995A7 /* ParseLinkVideo.swift in Sources */ = {isa = PBXBuildFile; fileRef = EBF6A4161ECCC725000995A7 /* ParseLinkVideo.swift */; };
/* End PBXBuildFile section */

/* Begin PBXFileReference section */
		74A67A38D6E63B753674CBD2 /* Pods-MoonKara.release.xcconfig */ = {isa = PBXFileReference; includeInIndex = 1; lastKnownFileType = text.xcconfig; name = "Pods-MoonKara.release.xcconfig"; path = "Pods/Target Support Files/Pods-MoonKara/Pods-MoonKara.release.xcconfig"; sourceTree = "<group>"; };
		9D4576EB2930FF4FF478ACC4 /* Pods_MoonKara.framework */ = {isa = PBXFileReference; explicitFileType = wrapper.framework; includeInIndex = 0; path = Pods_MoonKara.framework; sourceTree = BUILT_PRODUCTS_DIR; };
		EB15E0921ECB0A2B0032F2E9 /* MoonSongCell.swift */ = {isa = PBXFileReference; fileEncoding = 4; lastKnownFileType = sourcecode.swift; path = MoonSongCell.swift; sourceTree = "<group>"; };
		EB15E0931ECB0A2B0032F2E9 /* MoonSongCell.xib */ = {isa = PBXFileReference; fileEncoding = 4; lastKnownFileType = file.xib; path = MoonSongCell.xib; sourceTree = "<group>"; };
		EB15E0961ECB75200032F2E9 /* MoonTabBarVC.swift */ = {isa = PBXFileReference; fileEncoding = 4; lastKnownFileType = sourcecode.swift; path = MoonTabBarVC.swift; sourceTree = "<group>"; };
		EB15E0971ECB75200032F2E9 /* MoonTabBarVC.xib */ = {isa = PBXFileReference; fileEncoding = 4; lastKnownFileType = file.xib; path = MoonTabBarVC.xib; sourceTree = "<group>"; };
		EB63C36B1EBCF86800FC39D3 /* MoonHomeVC.swift */ = {isa = PBXFileReference; fileEncoding = 4; lastKnownFileType = sourcecode.swift; path = MoonHomeVC.swift; sourceTree = "<group>"; };
		EB63C36C1EBCF86800FC39D3 /* MoonHomeVC.xib */ = {isa = PBXFileReference; fileEncoding = 4; lastKnownFileType = file.xib; path = MoonHomeVC.xib; sourceTree = "<group>"; };
		EB63C36F1EBCF92C00FC39D3 /* MoonAPI.swift */ = {isa = PBXFileReference; fileEncoding = 4; lastKnownFileType = sourcecode.swift; path = MoonAPI.swift; sourceTree = "<group>"; };
		EBBB7B911ECC467400CFD580 /* MoonPlayer.swift */ = {isa = PBXFileReference; fileEncoding = 4; lastKnownFileType = sourcecode.swift; path = MoonPlayer.swift; sourceTree = "<group>"; };
		EBBB7B931ECC468D00CFD580 /* MoonPlayer.xib */ = {isa = PBXFileReference; fileEncoding = 4; lastKnownFileType = file.xib; path = MoonPlayer.xib; sourceTree = "<group>"; };
		EBBB7B951ECC48F300CFD580 /* MoonDefine.swift */ = {isa = PBXFileReference; fileEncoding = 4; lastKnownFileType = sourcecode.swift; path = MoonDefine.swift; sourceTree = "<group>"; };
		EBCE542E1EBCE21E00159052 /* MoonKara.app */ = {isa = PBXFileReference; explicitFileType = wrapper.application; includeInIndex = 0; path = MoonKara.app; sourceTree = BUILT_PRODUCTS_DIR; };
		EBCE54311EBCE21E00159052 /* AppDelegate.swift */ = {isa = PBXFileReference; lastKnownFileType = sourcecode.swift; path = AppDelegate.swift; sourceTree = "<group>"; };
		EBCE54381EBCE21E00159052 /* Assets.xcassets */ = {isa = PBXFileReference; lastKnownFileType = folder.assetcatalog; path = Assets.xcassets; sourceTree = "<group>"; };
		EBCE543B1EBCE21E00159052 /* Base */ = {isa = PBXFileReference; lastKnownFileType = file.storyboard; name = Base; path = Base.lproj/LaunchScreen.storyboard; sourceTree = "<group>"; };
		EBCE543D1EBCE21E00159052 /* Info.plist */ = {isa = PBXFileReference; lastKnownFileType = text.plist.xml; path = Info.plist; sourceTree = "<group>"; };
		EBF6A4161ECCC725000995A7 /* ParseLinkVideo.swift */ = {isa = PBXFileReference; fileEncoding = 4; lastKnownFileType = sourcecode.swift; path = ParseLinkVideo.swift; sourceTree = "<group>"; };
		F0662EB1E6E477917B8FB44D /* Pods-MoonKara.debug.xcconfig */ = {isa = PBXFileReference; includeInIndex = 1; lastKnownFileType = text.xcconfig; name = "Pods-MoonKara.debug.xcconfig"; path = "Pods/Target Support Files/Pods-MoonKara/Pods-MoonKara.debug.xcconfig"; sourceTree = "<group>"; };
/* End PBXFileReference section */

/* Begin PBXFrameworksBuildPhase section */
		EBCE542B1EBCE21E00159052 /* Frameworks */ = {
			isa = PBXFrameworksBuildPhase;
			buildActionMask = 2147483647;
			files = (
				9772552667A29C811896E8FB /* Pods_MoonKara.framework in Frameworks */,
			);
			runOnlyForDeploymentPostprocessing = 0;
		};
/* End PBXFrameworksBuildPhase section */

/* Begin PBXGroup section */
		60DCEAD92BE5B9CDF1036F38 /* Frameworks */ = {
			isa = PBXGroup;
			children = (
				9D4576EB2930FF4FF478ACC4 /* Pods_MoonKara.framework */,
			);
			name = Frameworks;
			sourceTree = "<group>";
		};
		CB6F3229C387E986F33DCFC8 /* Pods */ = {
			isa = PBXGroup;
			children = (
				F0662EB1E6E477917B8FB44D /* Pods-MoonKara.debug.xcconfig */,
				74A67A38D6E63B753674CBD2 /* Pods-MoonKara.release.xcconfig */,
			);
			name = Pods;
			sourceTree = "<group>";
		};
		EBCE54251EBCE21E00159052 = {
			isa = PBXGroup;
			children = (
				EBCE54301EBCE21E00159052 /* MoonKara */,
				EBCE542F1EBCE21E00159052 /* Products */,
				CB6F3229C387E986F33DCFC8 /* Pods */,
				60DCEAD92BE5B9CDF1036F38 /* Frameworks */,
			);
			sourceTree = "<group>";
		};
		EBCE542F1EBCE21E00159052 /* Products */ = {
			isa = PBXGroup;
			children = (
				EBCE542E1EBCE21E00159052 /* MoonKara.app */,
			);
			name = Products;
			sourceTree = "<group>";
		};
		EBCE54301EBCE21E00159052 /* MoonKara */ = {
			isa = PBXGroup;
			children = (
				EB63C36F1EBCF92C00FC39D3 /* MoonAPI.swift */,
				EBCE54311EBCE21E00159052 /* AppDelegate.swift */,
				EB63C36B1EBCF86800FC39D3 /* MoonHomeVC.swift */,
				EB63C36C1EBCF86800FC39D3 /* MoonHomeVC.xib */,
				EB15E0921ECB0A2B0032F2E9 /* MoonSongCell.swift */,
				EB15E0931ECB0A2B0032F2E9 /* MoonSongCell.xib */,
				EB15E0961ECB75200032F2E9 /* MoonTabBarVC.swift */,
				EB15E0971ECB75200032F2E9 /* MoonTabBarVC.xib */,
				EBBB7B911ECC467400CFD580 /* MoonPlayer.swift */,
				EBBB7B931ECC468D00CFD580 /* MoonPlayer.xib */,
				EBBB7B951ECC48F300CFD580 /* MoonDefine.swift */,
				EBF6A4161ECCC725000995A7 /* ParseLinkVideo.swift */,
				EBCE54381EBCE21E00159052 /* Assets.xcassets */,
				EBCE543A1EBCE21E00159052 /* LaunchScreen.storyboard */,
				EBCE543D1EBCE21E00159052 /* Info.plist */,
			);
			path = MoonKara;
			sourceTree = "<group>";
		};
/* End PBXGroup section */

/* Begin PBXNativeTarget section */
		EBCE542D1EBCE21E00159052 /* MoonKara */ = {
			isa = PBXNativeTarget;
			buildConfigurationList = EBCE54401EBCE21E00159052 /* Build configuration list for PBXNativeTarget "MoonKara" */;
			buildPhases = (
				3EBD98C97EF300BFD6F528C3 /* [CP] Check Pods Manifest.lock */,
				EBCE542A1EBCE21E00159052 /* Sources */,
				EBCE542B1EBCE21E00159052 /* Frameworks */,
				EBCE542C1EBCE21E00159052 /* Resources */,
				E1090FCEC763EA81E039CDEE /* [CP] Embed Pods Frameworks */,
				E6ACA97975D7CF60CA48BF23 /* [CP] Copy Pods Resources */,
			);
			buildRules = (
			);
			dependencies = (
			);
			name = MoonKara;
			productName = MoonKara;
			productReference = EBCE542E1EBCE21E00159052 /* MoonKara.app */;
			productType = "com.apple.product-type.application";
		};
/* End PBXNativeTarget section */

/* Begin PBXProject section */
		EBCE54261EBCE21E00159052 /* Project object */ = {
			isa = PBXProject;
			attributes = {
				LastSwiftUpdateCheck = 0830;
				LastUpgradeCheck = 0830;
				ORGANIZATIONNAME = JoJo;
				TargetAttributes = {
					EBCE542D1EBCE21E00159052 = {
						CreatedOnToolsVersion = 8.3.2;
						ProvisioningStyle = Automatic;
					};
				};
			};
			buildConfigurationList = EBCE54291EBCE21E00159052 /* Build configuration list for PBXProject "MoonKara" */;
			compatibilityVersion = "Xcode 3.2";
			developmentRegion = English;
			hasScannedForEncodings = 0;
			knownRegions = (
				en,
				Base,
			);
			mainGroup = EBCE54251EBCE21E00159052;
			productRefGroup = EBCE542F1EBCE21E00159052 /* Products */;
			projectDirPath = "";
			projectRoot = "";
			targets = (
				EBCE542D1EBCE21E00159052 /* MoonKara */,
			);
		};
/* End PBXProject section */

/* Begin PBXResourcesBuildPhase section */
		EBCE542C1EBCE21E00159052 /* Resources */ = {
			isa = PBXResourcesBuildPhase;
			buildActionMask = 2147483647;
			files = (
				EBCE543C1EBCE21E00159052 /* LaunchScreen.storyboard in Resources */,
				EB15E0951ECB0A2B0032F2E9 /* MoonSongCell.xib in Resources */,
				EB15E0991ECB75200032F2E9 /* MoonTabBarVC.xib in Resources */,
				EBCE54391EBCE21E00159052 /* Assets.xcassets in Resources */,
				EB63C36E1EBCF86800FC39D3 /* MoonHomeVC.xib in Resources */,
				EBBB7B941ECC468D00CFD580 /* MoonPlayer.xib in Resources */,
			);
			runOnlyForDeploymentPostprocessing = 0;
		};
/* End PBXResourcesBuildPhase section */

/* Begin PBXShellScriptBuildPhase section */
		3EBD98C97EF300BFD6F528C3 /* [CP] Check Pods Manifest.lock */ = {
			isa = PBXShellScriptBuildPhase;
			buildActionMask = 2147483647;
			files = (
			);
			inputPaths = (
			);
			name = "[CP] Check Pods Manifest.lock";
			outputPaths = (
			);
			runOnlyForDeploymentPostprocessing = 0;
			shellPath = /bin/sh;
			shellScript = "diff \"${PODS_PODFILE_DIR_PATH}/Podfile.lock\" \"${PODS_ROOT}/Manifest.lock\" > /dev/null\nif [ $? != 0 ] ; then\n    # print error to STDERR\n    echo \"error: The sandbox is not in sync with the Podfile.lock. Run 'pod install' or update your CocoaPods installation.\" >&2\n    exit 1\nfi\n";
			showEnvVarsInLog = 0;
		};
		E1090FCEC763EA81E039CDEE /* [CP] Embed Pods Frameworks */ = {
			isa = PBXShellScriptBuildPhase;
			buildActionMask = 2147483647;
			files = (
			);
			inputPaths = (
			);
			name = "[CP] Embed Pods Frameworks";
			outputPaths = (
			);
			runOnlyForDeploymentPostprocessing = 0;
			shellPath = /bin/sh;
			shellScript = "\"${SRCROOT}/Pods/Target Support Files/Pods-MoonKara/Pods-MoonKara-frameworks.sh\"\n";
			showEnvVarsInLog = 0;
		};
		E6ACA97975D7CF60CA48BF23 /* [CP] Copy Pods Resources */ = {
			isa = PBXShellScriptBuildPhase;
			buildActionMask = 2147483647;
			files = (
			);
			inputPaths = (
			);
			name = "[CP] Copy Pods Resources";
			outputPaths = (
			);
			runOnlyForDeploymentPostprocessing = 0;
			shellPath = /bin/sh;
			shellScript = "\"${SRCROOT}/Pods/Target Support Files/Pods-MoonKara/Pods-MoonKara-resources.sh\"\n";
			showEnvVarsInLog = 0;
		};
/* End PBXShellScriptBuildPhase section */

/* Begin PBXSourcesBuildPhase section */
		EBCE542A1EBCE21E00159052 /* Sources */ = {
			isa = PBXSourcesBuildPhase;
			buildActionMask = 2147483647;
			files = (
				EBCE54321EBCE21E00159052 /* AppDelegate.swift in Sources */,
				EBBB7B921ECC467400CFD580 /* MoonPlayer.swift in Sources */,
				EB15E0941ECB0A2B0032F2E9 /* MoonSongCell.swift in Sources */,
				EB15E0981ECB75200032F2E9 /* MoonTabBarVC.swift in Sources */,
				EB63C36D1EBCF86800FC39D3 /* MoonHomeVC.swift in Sources */,
				EBBB7B961ECC48F300CFD580 /* MoonDefine.swift in Sources */,
				EB63C3701EBCF92C00FC39D3 /* MoonAPI.swift in Sources */,
				EBF6A4171ECCC725000995A7 /* ParseLinkVideo.swift in Sources */,
			);
			runOnlyForDeploymentPostprocessing = 0;
		};
/* End PBXSourcesBuildPhase section */

/* Begin PBXVariantGroup section */
		EBCE543A1EBCE21E00159052 /* LaunchScreen.storyboard */ = {
			isa = PBXVariantGroup;
			children = (
				EBCE543B1EBCE21E00159052 /* Base */,
			);
			name = LaunchScreen.storyboard;
			sourceTree = "<group>";
		};
/* End PBXVariantGroup section */

/* Begin XCBuildConfiguration section */
		EBCE543E1EBCE21E00159052 /* Debug */ = {
			isa = XCBuildConfiguration;
			buildSettings = {
				ALWAYS_SEARCH_USER_PATHS = NO;
				CLANG_ANALYZER_NONNULL = YES;
				CLANG_ANALYZER_NUMBER_OBJECT_CONVERSION = YES_AGGRESSIVE;
				CLANG_CXX_LANGUAGE_STANDARD = "gnu++0x";
				CLANG_CXX_LIBRARY = "libc++";
				CLANG_ENABLE_MODULES = YES;
				CLANG_ENABLE_OBJC_ARC = YES;
				CLANG_WARN_BOOL_CONVERSION = YES;
				CLANG_WARN_CONSTANT_CONVERSION = YES;
				CLANG_WARN_DIRECT_OBJC_ISA_USAGE = YES_ERROR;
				CLANG_WARN_DOCUMENTATION_COMMENTS = YES;
				CLANG_WARN_EMPTY_BODY = YES;
				CLANG_WARN_ENUM_CONVERSION = YES;
				CLANG_WARN_INFINITE_RECURSION = YES;
				CLANG_WARN_INT_CONVERSION = YES;
				CLANG_WARN_OBJC_ROOT_CLASS = YES_ERROR;
				CLANG_WARN_SUSPICIOUS_MOVE = YES;
				CLANG_WARN_UNREACHABLE_CODE = YES;
				CLANG_WARN__DUPLICATE_METHOD_MATCH = YES;
				"CODE_SIGN_IDENTITY[sdk=iphoneos*]" = "iPhone Developer";
				COPY_PHASE_STRIP = NO;
				DEBUG_INFORMATION_FORMAT = dwarf;
				ENABLE_STRICT_OBJC_MSGSEND = YES;
				ENABLE_TESTABILITY = YES;
				GCC_C_LANGUAGE_STANDARD = gnu99;
				GCC_DYNAMIC_NO_PIC = NO;
				GCC_NO_COMMON_BLOCKS = YES;
				GCC_OPTIMIZATION_LEVEL = 0;
				GCC_PREPROCESSOR_DEFINITIONS = (
					"DEBUG=1",
					"$(inherited)",
				);
				GCC_WARN_64_TO_32_BIT_CONVERSION = YES;
				GCC_WARN_ABOUT_RETURN_TYPE = YES_ERROR;
				GCC_WARN_UNDECLARED_SELECTOR = YES;
				GCC_WARN_UNINITIALIZED_AUTOS = YES_AGGRESSIVE;
				GCC_WARN_UNUSED_FUNCTION = YES;
				GCC_WARN_UNUSED_VARIABLE = YES;
				IPHONEOS_DEPLOYMENT_TARGET = 10.3;
				MTL_ENABLE_DEBUG_INFO = YES;
				ONLY_ACTIVE_ARCH = YES;
				SDKROOT = iphoneos;
				SWIFT_ACTIVE_COMPILATION_CONDITIONS = DEBUG;
				SWIFT_OPTIMIZATION_LEVEL = "-Onone";
				TARGETED_DEVICE_FAMILY = "1,2";
			};
			name = Debug;
		};
		EBCE543F1EBCE21E00159052 /* Release */ = {
			isa = XCBuildConfiguration;
			buildSettings = {
				ALWAYS_SEARCH_USER_PATHS = NO;
				CLANG_ANALYZER_NONNULL = YES;
				CLANG_ANALYZER_NUMBER_OBJECT_CONVERSION = YES_AGGRESSIVE;
				CLANG_CXX_LANGUAGE_STANDARD = "gnu++0x";
				CLANG_CXX_LIBRARY = "libc++";
				CLANG_ENABLE_MODULES = YES;
				CLANG_ENABLE_OBJC_ARC = YES;
				CLANG_WARN_BOOL_CONVERSION = YES;
				CLANG_WARN_CONSTANT_CONVERSION = YES;
				CLANG_WARN_DIRECT_OBJC_ISA_USAGE = YES_ERROR;
				CLANG_WARN_DOCUMENTATION_COMMENTS = YES;
				CLANG_WARN_EMPTY_BODY = YES;
				CLANG_WARN_ENUM_CONVERSION = YES;
				CLANG_WARN_INFINITE_RECURSION = YES;
				CLANG_WARN_INT_CONVERSION = YES;
				CLANG_WARN_OBJC_ROOT_CLASS = YES_ERROR;
				CLANG_WARN_SUSPICIOUS_MOVE = YES;
				CLANG_WARN_UNREACHABLE_CODE = YES;
				CLANG_WARN__DUPLICATE_METHOD_MATCH = YES;
				"CODE_SIGN_IDENTITY[sdk=iphoneos*]" = "iPhone Developer";
				COPY_PHASE_STRIP = NO;
				DEBUG_INFORMATION_FORMAT = "dwarf-with-dsym";
				ENABLE_NS_ASSERTIONS = NO;
				ENABLE_STRICT_OBJC_MSGSEND = YES;
				GCC_C_LANGUAGE_STANDARD = gnu99;
				GCC_NO_COMMON_BLOCKS = YES;
				GCC_WARN_64_TO_32_BIT_CONVERSION = YES;
				GCC_WARN_ABOUT_RETURN_TYPE = YES_ERROR;
				GCC_WARN_UNDECLARED_SELECTOR = YES;
				GCC_WARN_UNINITIALIZED_AUTOS = YES_AGGRESSIVE;
				GCC_WARN_UNUSED_FUNCTION = YES;
				GCC_WARN_UNUSED_VARIABLE = YES;
				IPHONEOS_DEPLOYMENT_TARGET = 10.3;
				MTL_ENABLE_DEBUG_INFO = NO;
				SDKROOT = iphoneos;
				SWIFT_OPTIMIZATION_LEVEL = "-Owholemodule";
				TARGETED_DEVICE_FAMILY = "1,2";
				VALIDATE_PRODUCT = YES;
			};
			name = Release;
		};
		EBCE54411EBCE21E00159052 /* Debug */ = {
			isa = XCBuildConfiguration;
			baseConfigurationReference = F0662EB1E6E477917B8FB44D /* Pods-MoonKara.debug.xcconfig */;
			buildSettings = {
				ASSETCATALOG_COMPILER_APPICON_NAME = AppIcon;
				INFOPLIST_FILE = MoonKara/Info.plist;
				LD_RUNPATH_SEARCH_PATHS = "$(inherited) @executable_path/Frameworks";
				PRODUCT_BUNDLE_IDENTIFIER = manh.jojo.MoonKara;
				PRODUCT_NAME = "$(TARGET_NAME)";
				SWIFT_VERSION = 3.0;
			};
			name = Debug;
		};
		EBCE54421EBCE21E00159052 /* Release */ = {
			isa = XCBuildConfiguration;
			baseConfigurationReference = 74A67A38D6E63B753674CBD2 /* Pods-MoonKara.release.xcconfig */;
			buildSettings = {
				ASSETCATALOG_COMPILER_APPICON_NAME = AppIcon;
				INFOPLIST_FILE = MoonKara/Info.plist;
				LD_RUNPATH_SEARCH_PATHS = "$(inherited) @executable_path/Frameworks";
				PRODUCT_BUNDLE_IDENTIFIER = manh.jojo.MoonKara;
				PRODUCT_NAME = "$(TARGET_NAME)";
				SWIFT_VERSION = 3.0;
			};
			name = Release;
		};
/* End XCBuildConfiguration section */

/* Begin XCConfigurationList section */
		EBCE54291EBCE21E00159052 /* Build configuration list for PBXProject "MoonKara" */ = {
			isa = XCConfigurationList;
			buildConfigurations = (
				EBCE543E1EBCE21E00159052 /* Debug */,
				EBCE543F1EBCE21E00159052 /* Release */,
			);
			defaultConfigurationIsVisible = 0;
			defaultConfigurationName = Release;
		};
		EBCE54401EBCE21E00159052 /* Build configuration list for PBXNativeTarget "MoonKara" */ = {
			isa = XCConfigurationList;
			buildConfigurations = (
				EBCE54411EBCE21E00159052 /* Debug */,
				EBCE54421EBCE21E00159052 /* Release */,
			);
			defaultConfigurationIsVisible = 0;
			defaultConfigurationName = Release;
		};
/* End XCConfigurationList section */
	};
	rootObject = EBCE54261EBCE21E00159052 /* Project object */;
}
