// !$*UTF8*$!
{
	archiveVersion = 1;
	classes = {
	};
	objectVersion = 46;
	objects = {

/* Begin PBXBuildFile section */
		EBCE54321EBCE21E00159052 /* AppDelegate.swift in Sources */ = {isa = PBXBuildFile; fileRef = EBCE54311EBCE21E00159052 /* AppDelegate.swift */; };
		EBCE54341EBCE21E00159052 /* ViewController.swift in Sources */ = {isa = PBXBuildFile; fileRef = EBCE54331EBCE21E00159052 /* ViewController.swift */; };
		EBCE54371EBCE21E00159052 /* Main.storyboard in Resources */ = {isa = PBXBuildFile; fileRef = EBCE54351EBCE21E00159052 /* Main.storyboard */; };
		EBCE54391EBCE21E00159052 /* Assets.xcassets in Resources */ = {isa = PBXBuildFile; fileRef = EBCE54381EBCE21E00159052 /* Assets.xcassets */; };
		EBCE543C1EBCE21E00159052 /* LaunchScreen.storyboard in Resources */ = {isa = PBXBuildFile; fileRef = EBCE543A1EBCE21E00159052 /* LaunchScreen.storyboard */; };
/* End PBXBuildFile section */

/* Begin PBXFileReference section */
		EBCE542E1EBCE21E00159052 /* MoonKara.app */ = {isa = PBXFileReference; explicitFileType = wrapper.application; includeInIndex = 0; path = MoonKara.app; sourceTree = BUILT_PRODUCTS_DIR; };
		EBCE54311EBCE21E00159052 /* AppDelegate.swift */ = {isa = PBXFileReference; lastKnownFileType = sourcecode.swift; path = AppDelegate.swift; sourceTree = "<group>"; };
		EBCE54331EBCE21E00159052 /* ViewController.swift */ = {isa = PBXFileReference; lastKnownFileType = sourcecode.swift; path = ViewController.swift; sourceTree = "<group>"; };
		EBCE54361EBCE21E00159052 /* Base */ = {isa = PBXFileReference; lastKnownFileType = file.storyboard; name = Base; path = Base.lproj/Main.storyboard; sourceTree = "<group>"; };
		EBCE54381EBCE21E00159052 /* Assets.xcassets */ = {isa = PBXFileReference; lastKnownFileType = folder.assetcatalog; path = Assets.xcassets; sourceTree = "<group>"; };
		EBCE543B1EBCE21E00159052 /* Base */ = {isa = PBXFileReference; lastKnownFileType = file.storyboard; name = Base; path = Base.lproj/LaunchScreen.storyboard; sourceTree = "<group>"; };
		EBCE543D1EBCE21E00159052 /* Info.plist */ = {isa = PBXFileReference; lastKnownFileType = text.plist.xml; path = Info.plist; sourceTree = "<group>"; };
/* End PBXFileReference section */

/* Begin PBXFrameworksBuildPhase section */
		EBCE542B1EBCE21E00159052 /* Frameworks */ = {
			isa = PBXFrameworksBuildPhase;
			buildActionMask = 2147483647;
			files = (
			);
			runOnlyForDeploymentPostprocessing = 0;
		};
/* End PBXFrameworksBuildPhase section */

/* Begin PBXGroup section */
		EBCE54251EBCE21E00159052 = {
			isa = PBXGroup;
			children = (
				EBCE54301EBCE21E00159052 /* MoonKara */,
				EBCE542F1EBCE21E00159052 /* Products */,
			);
			sourceTree = "<group>";
		};
		EBCE542F1EBCE21E00159052 /* Products */ = {
			isa = PBXGroup;
			children = (
				EBCE542E1EBCE21E00159052 /* MoonKara.app */,
			);
			name = Products;
			sourceTree = "<group>";
		};
		EBCE54301EBCE21E00159052 /* MoonKara */ = {
			isa = PBXGroup;
			children = (
				EBCE54311EBCE21E00159052 /* AppDelegate.swift */,
				EBCE54331EBCE21E00159052 /* ViewController.swift */,
				EBCE54351EBCE21E00159052 /* Main.storyboard */,
				EBCE54381EBCE21E00159052 /* Assets.xcassets */,
				EBCE543A1EBCE21E00159052 /* LaunchScreen.storyboard */,
				EBCE543D1EBCE21E00159052 /* Info.plist */,
			);
			path = MoonKara;
			sourceTree = "<group>";
		};
/* End PBXGroup section */

/* Begin PBXNativeTarget section */
		EBCE542D1EBCE21E00159052 /* MoonKara */ = {
			isa = PBXNativeTarget;
			buildConfigurationList = EBCE54401EBCE21E00159052 /* Build configuration list for PBXNativeTarget "MoonKara" */;
			buildPhases = (
				EBCE542A1EBCE21E00159052 /* Sources */,
				EBCE542B1EBCE21E00159052 /* Frameworks */,
				EBCE542C1EBCE21E00159052 /* Resources */,
			);
			buildRules = (
			);
			dependencies = (
			);
			name = MoonKara;
			productName = MoonKara;
			productReference = EBCE542E1EBCE21E00159052 /* MoonKara.app */;
			productType = "com.apple.product-type.application";
		};
/* End PBXNativeTarget section */

/* Begin PBXProject section */
		EBCE54261EBCE21E00159052 /* Project object */ = {
			isa = PBXProject;
			attributes = {
				LastSwiftUpdateCheck = 0830;
				LastUpgradeCheck = 0830;
				ORGANIZATIONNAME = JoJo;
				TargetAttributes = {
					EBCE542D1EBCE21E00159052 = {
						CreatedOnToolsVersion = 8.3.2;
						ProvisioningStyle = Automatic;
					};
				};
			};
			buildConfigurationList = EBCE54291EBCE21E00159052 /* Build configuration list for PBXProject "MoonKara" */;
			compatibilityVersion = "Xcode 3.2";
			developmentRegion = English;
			hasScannedForEncodings = 0;
			knownRegions = (
				en,
				Base,
			);
			mainGroup = EBCE54251EBCE21E00159052;
			productRefGroup = EBCE542F1EBCE21E00159052 /* Products */;
			projectDirPath = "";
			projectRoot = "";
			targets = (
				EBCE542D1EBCE21E00159052 /* MoonKara */,
			);
		};
/* End PBXProject section */

/* Begin PBXResourcesBuildPhase section */
		EBCE542C1EBCE21E00159052 /* Resources */ = {
			isa = PBXResourcesBuildPhase;
			buildActionMask = 2147483647;
			files = (
				EBCE543C1EBCE21E00159052 /* LaunchScreen.storyboard in Resources */,
				EBCE54391EBCE21E00159052 /* Assets.xcassets in Resources */,
				EBCE54371EBCE21E00159052 /* Main.storyboard in Resources */,
			);
			runOnlyForDeploymentPostprocessing = 0;
		};
/* End PBXResourcesBuildPhase section */

/* Begin PBXSourcesBuildPhase section */
		EBCE542A1EBCE21E00159052 /* Sources */ = {
			isa = PBXSourcesBuildPhase;
			buildActionMask = 2147483647;
			files = (
				EBCE54341EBCE21E00159052 /* ViewController.swift in Sources */,
				EBCE54321EBCE21E00159052 /* AppDelegate.swift in Sources */,
			);
			runOnlyForDeploymentPostprocessing = 0;
		};
/* End PBXSourcesBuildPhase section */

/* Begin PBXVariantGroup section */
		EBCE54351EBCE21E00159052 /* Main.storyboard */ = {
			isa = PBXVariantGroup;
			children = (
				EBCE54361EBCE21E00159052 /* Base */,
			);
			name = Main.storyboard;
			sourceTree = "<group>";
		};
		EBCE543A1EBCE21E00159052 /* LaunchScreen.storyboard */ = {
			isa = PBXVariantGroup;
			children = (
				EBCE543B1EBCE21E00159052 /* Base */,
			);
			name = LaunchScreen.storyboard;
			sourceTree = "<group>";
		};
/* End PBXVariantGroup section */

/* Begin XCBuildConfiguration section */
		EBCE543E1EBCE21E00159052 /* Debug */ = {
			isa = XCBuildConfiguration;
			buildSettings = {
				ALWAYS_SEARCH_USER_PATHS = NO;
				CLANG_ANALYZER_NONNULL = YES;
				CLANG_ANALYZER_NUMBER_OBJECT_CONVERSION = YES_AGGRESSIVE;
				CLANG_CXX_LANGUAGE_STANDARD = "gnu++0x";
				CLANG_CXX_LIBRARY = "libc++";
				CLANG_ENABLE_MODULES = YES;
				CLANG_ENABLE_OBJC_ARC = YES;
				CLANG_WARN_BOOL_CONVERSION = YES;
				CLANG_WARN_CONSTANT_CONVERSION = YES;
				CLANG_WARN_DIRECT_OBJC_ISA_USAGE = YES_ERROR;
				CLANG_WARN_DOCUMENTATION_COMMENTS = YES;
				CLANG_WARN_EMPTY_BODY = YES;
				CLANG_WARN_ENUM_CONVERSION = YES;
				CLANG_WARN_INFINITE_RECURSION = YES;
				CLANG_WARN_INT_CONVERSION = YES;
				CLANG_WARN_OBJC_ROOT_CLASS = YES_ERROR;
				CLANG_WARN_SUSPICIOUS_MOVE = YES;
				CLANG_WARN_UNREACHABLE_CODE = YES;
				CLANG_WARN__DUPLICATE_METHOD_MATCH = YES;
				"CODE_SIGN_IDENTITY[sdk=iphoneos*]" = "iPhone Developer";
				COPY_PHASE_STRIP = NO;
				DEBUG_INFORMATION_FORMAT = dwarf;
				ENABLE_STRICT_OBJC_MSGSEND = YES;
				ENABLE_TESTABILITY = YES;
				GCC_C_LANGUAGE_STANDARD = gnu99;
				GCC_DYNAMIC_NO_PIC = NO;
				GCC_NO_COMMON_BLOCKS = YES;
				GCC_OPTIMIZATION_LEVEL = 0;
				GCC_PREPROCESSOR_DEFINITIONS = (
					"DEBUG=1",
					"$(inherited)",
				);
				GCC_WARN_64_TO_32_BIT_CONVERSION = YES;
				GCC_WARN_ABOUT_RETURN_TYPE = YES_ERROR;
				GCC_WARN_UNDECLARED_SELECTOR = YES;
				GCC_WARN_UNINITIALIZED_AUTOS = YES_AGGRESSIVE;
				GCC_WARN_UNUSED_FUNCTION = YES;
				GCC_WARN_UNUSED_VARIABLE = YES;
				IPHONEOS_DEPLOYMENT_TARGET = 10.3;
				MTL_ENABLE_DEBUG_INFO = YES;
				ONLY_ACTIVE_ARCH = YES;
				SDKROOT = iphoneos;
				SWIFT_ACTIVE_COMPILATION_CONDITIONS = DEBUG;
				SWIFT_OPTIMIZATION_LEVEL = "-Onone";
				TARGETED_DEVICE_FAMILY = "1,2";
			};
			name = Debug;
		};
		EBCE543F1EBCE21E00159052 /* Release */ = {
			isa = XCBuildConfiguration;
			buildSettings = {
				ALWAYS_SEARCH_USER_PATHS = NO;
				CLANG_ANALYZER_NONNULL = YES;
				CLANG_ANALYZER_NUMBER_OBJECT_CONVERSION = YES_AGGRESSIVE;
				CLANG_CXX_LANGUAGE_STANDARD = "gnu++0x";
				CLANG_CXX_LIBRARY = "libc++";
				CLANG_ENABLE_MODULES = YES;
				CLANG_ENABLE_OBJC_ARC = YES;
				CLANG_WARN_BOOL_CONVERSION = YES;
				CLANG_WARN_CONSTANT_CONVERSION = YES;
				CLANG_WARN_DIRECT_OBJC_ISA_USAGE = YES_ERROR;
				CLANG_WARN_DOCUMENTATION_COMMENTS = YES;
				CLANG_WARN_EMPTY_BODY = YES;
				CLANG_WARN_ENUM_CONVERSION = YES;
				CLANG_WARN_INFINITE_RECURSION = YES;
				CLANG_WARN_INT_CONVERSION = YES;
				CLANG_WARN_OBJC_ROOT_CLASS = YES_ERROR;
				CLANG_WARN_SUSPICIOUS_MOVE = YES;
				CLANG_WARN_UNREACHABLE_CODE = YES;
				CLANG_WARN__DUPLICATE_METHOD_MATCH = YES;
				"CODE_SIGN_IDENTITY[sdk=iphoneos*]" = "iPhone Developer";
				COPY_PHASE_STRIP = NO;
				DEBUG_INFORMATION_FORMAT = "dwarf-with-dsym";
				ENABLE_NS_ASSERTIONS = NO;
				ENABLE_STRICT_OBJC_MSGSEND = YES;
				GCC_C_LANGUAGE_STANDARD = gnu99;
				GCC_NO_COMMON_BLOCKS = YES;
				GCC_WARN_64_TO_32_BIT_CONVERSION = YES;
				GCC_WARN_ABOUT_RETURN_TYPE = YES_ERROR;
				GCC_WARN_UNDECLARED_SELECTOR = YES;
				GCC_WARN_UNINITIALIZED_AUTOS = YES_AGGRESSIVE;
				GCC_WARN_UNUSED_FUNCTION = YES;
				GCC_WARN_UNUSED_VARIABLE = YES;
				IPHONEOS_DEPLOYMENT_TARGET = 10.3;
				MTL_ENABLE_DEBUG_INFO = NO;
				SDKROOT = iphoneos;
				SWIFT_OPTIMIZATION_LEVEL = "-Owholemodule";
				TARGETED_DEVICE_FAMILY = "1,2";
				VALIDATE_PRODUCT = YES;
			};
			name = Release;
		};
		EBCE54411EBCE21E00159052 /* Debug */ = {
			isa = XCBuildConfiguration;
			buildSettings = {
				ASSETCATALOG_COMPILER_APPICON_NAME = AppIcon;
				INFOPLIST_FILE = MoonKara/Info.plist;
				LD_RUNPATH_SEARCH_PATHS = "$(inherited) @executable_path/Frameworks";
				PRODUCT_BUNDLE_IDENTIFIER = manh.jojo.MoonKara;
				PRODUCT_NAME = "$(TARGET_NAME)";
				SWIFT_VERSION = 3.0;
			};
			name = Debug;
		};
		EBCE54421EBCE21E00159052 /* Release */ = {
			isa = XCBuildConfiguration;
			buildSettings = {
				ASSETCATALOG_COMPILER_APPICON_NAME = AppIcon;
				INFOPLIST_FILE = MoonKara/Info.plist;
				LD_RUNPATH_SEARCH_PATHS = "$(inherited) @executable_path/Frameworks";
				PRODUCT_BUNDLE_IDENTIFIER = manh.jojo.MoonKara;
				PRODUCT_NAME = "$(TARGET_NAME)";
				SWIFT_VERSION = 3.0;
			};
			name = Release;
		};
/* End XCBuildConfiguration section */

/* Begin XCConfigurationList section */
		EBCE54291EBCE21E00159052 /* Build configuration list for PBXProject "MoonKara" */ = {
			isa = XCConfigurationList;
			buildConfigurations = (
				EBCE543E1EBCE21E00159052 /* Debug */,
				EBCE543F1EBCE21E00159052 /* Release */,
			);
			defaultConfigurationIsVisible = 0;
			defaultConfigurationName = Release;
		};
		EBCE54401EBCE21E00159052 /* Build configuration list for PBXNativeTarget "MoonKara" */ = {
			isa = XCConfigurationList;
			buildConfigurations = (
				EBCE54411EBCE21E00159052 /* Debug */,
				EBCE54421EBCE21E00159052 /* Release */,
			);
			defaultConfigurationIsVisible = 0;
		};
/* End XCConfigurationList section */
	};
	rootObject = EBCE54261EBCE21E00159052 /* Project object */;
}
